<Solution>
  <Folder Name="/Solution Items/">
    <File Path="LICENSE" />
    <File Path="README.md" />
  </Folder>
  <Project Path="./CommonGround.AppHost/CommonGround.AppHost.csproj" />
  <Project Path="./CommonGround.Server/CommonGround.Server.csproj" />
  <Project Path="./frontend/frontend.esproj">
    <Build />
    <Deploy />
  </Project>
</Solution>
